
Microsoft Visual Studio Solution File, Format Version 12.00
# Visual Studio Version 16
VisualStudioVersion = 16.0.29519.87
MinimumVisualStudioVersion = 10.0.40219.1
Project("{6EC3EE1D-3C4E-46DD-8F32-0CC8E7565705}") = "TowerDefenseSandbox.Game", "src\TowerDefenseSandbox.Game\TowerDefenseSandbox.Game.fsproj", "{8FECB9E7-956A-4287-83DC-331A3D158273}"
EndProject
Project("{6EC3EE1D-3C4E-46DD-8F32-0CC8E7565705}") = "Fame", "src\Fame\Fame.fsproj", "{E42F5B3F-468B-463B-A264-823104507A36}"
EndProject
Project("{6EC3EE1D-3C4E-46DD-8F32-0CC8E7565705}") = "TowerDefenseSandbox.Game.Windows", "src\TowerDefenseSandbox.Game.Windows\TowerDefenseSandbox.Game.Windows.fsproj", "{1DF699E6-23DF-4500-8AF0-AA65DC306472}"
EndProject
Project("{F2A71F9B-5D33-465A-A702-920D77279786}") = "TowerDefenseSandbox.Game.Android", "src\TowerDefenseSandbox.Game.Android\TowerDefenseSandbox.Game.Android.fsproj", "{8946F5F9-245F-4359-9FB4-36F6DBB87F71}"
EndProject
Project("{6EC3EE1D-3C4E-46DD-8F32-0CC8E7565705}") = "TowerDefenseSandbox.Game.Editor", "src\TowerDefenseSandbox.Game.Editor\TowerDefenseSandbox.Game.Editor.fsproj", "{05C1D3C3-D489-4A70-BE12-E98CEE945865}"
EndProject
Global
	GlobalSection(SolutionConfigurationPlatforms) = preSolution
		Debug|Any CPU = Debug|Any CPU
		Release|Any CPU = Release|Any CPU
	EndGlobalSection
	GlobalSection(ProjectConfigurationPlatforms) = postSolution
		{8FECB9E7-956A-4287-83DC-331A3D158273}.Debug|Any CPU.ActiveCfg = Debug|Any CPU
		{8FECB9E7-956A-4287-83DC-331A3D158273}.Debug|Any CPU.Build.0 = Debug|Any CPU
		{8FECB9E7-956A-4287-83DC-331A3D158273}.Release|Any CPU.ActiveCfg = Release|Any CPU
		{8FECB9E7-956A-4287-83DC-331A3D158273}.Release|Any CPU.Build.0 = Release|Any CPU
		{E42F5B3F-468B-463B-A264-823104507A36}.Debug|Any CPU.ActiveCfg = Debug|Any CPU
		{E42F5B3F-468B-463B-A264-823104507A36}.Debug|Any CPU.Build.0 = Debug|Any CPU
		{E42F5B3F-468B-463B-A264-823104507A36}.Release|Any CPU.ActiveCfg = Release|Any CPU
		{E42F5B3F-468B-463B-A264-823104507A36}.Release|Any CPU.Build.0 = Release|Any CPU
		{1DF699E6-23DF-4500-8AF0-AA65DC306472}.Debug|Any CPU.ActiveCfg = Debug|Any CPU
		{1DF699E6-23DF-4500-8AF0-AA65DC306472}.Debug|Any CPU.Build.0 = Debug|Any CPU
		{1DF699E6-23DF-4500-8AF0-AA65DC306472}.Release|Any CPU.ActiveCfg = Release|Any CPU
		{1DF699E6-23DF-4500-8AF0-AA65DC306472}.Release|Any CPU.Build.0 = Release|Any CPU
		{8946F5F9-245F-4359-9FB4-36F6DBB87F71}.Debug|Any CPU.ActiveCfg = Debug|Any CPU
		{8946F5F9-245F-4359-9FB4-36F6DBB87F71}.Debug|Any CPU.Build.0 = Debug|Any CPU
		{8946F5F9-245F-4359-9FB4-36F6DBB87F71}.Debug|Any CPU.Deploy.0 = Debug|Any CPU
		{8946F5F9-245F-4359-9FB4-36F6DBB87F71}.Release|Any CPU.ActiveCfg = Release|Any CPU
		{8946F5F9-245F-4359-9FB4-36F6DBB87F71}.Release|Any CPU.Build.0 = Release|Any CPU
		{8946F5F9-245F-4359-9FB4-36F6DBB87F71}.Release|Any CPU.Deploy.0 = Release|Any CPU
		{05C1D3C3-D489-4A70-BE12-E98CEE945865}.Debug|Any CPU.ActiveCfg = Debug|Any CPU
		{05C1D3C3-D489-4A70-BE12-E98CEE945865}.Debug|Any CPU.Build.0 = Debug|Any CPU
		{05C1D3C3-D489-4A70-BE12-E98CEE945865}.Release|Any CPU.ActiveCfg = Release|Any CPU
		{05C1D3C3-D489-4A70-BE12-E98CEE945865}.Release|Any CPU.Build.0 = Release|Any CPU
	EndGlobalSection
	GlobalSection(SolutionProperties) = preSolution
		HideSolutionNode = FALSE
	EndGlobalSection
	GlobalSection(ExtensibilityGlobals) = postSolution
		SolutionGuid = {6D337983-1F0A-4BC7-BBB8-77DE259E333B}
	EndGlobalSection
EndGlobal
